
Microsoft Visual Studio Solution File, Format Version 12.00
# Visual Studio 15
VisualStudioVersion = 15.0.28307.271
MinimumVisualStudioVersion = 10.0.40219.1
Project("{FAE04EC0-301F-11D3-BF4B-00C04F79EFBC}") = "Periodicals", "Periodicals\Periodicals.csproj", "{31C941D7-D2BB-4FE6-9F4F-6D1600802A41}"
EndProject
Project("{FAE04EC0-301F-11D3-BF4B-00C04F79EFBC}") = "Periodicals.Tests", "Periodicals.Tests\Periodicals.Tests.csproj", "{F23C3D04-4C7D-4EAE-860C-AC7B7513984E}"
EndProject
Global
	GlobalSection(SolutionConfigurationPlatforms) = preSolution
		Debug|Any CPU = Debug|Any CPU
		Release|Any CPU = Release|Any CPU
	EndGlobalSection
	GlobalSection(ProjectConfigurationPlatforms) = postSolution
		{31C941D7-D2BB-4FE6-9F4F-6D1600802A41}.Debug|Any CPU.ActiveCfg = Debug|Any CPU
		{31C941D7-D2BB-4FE6-9F4F-6D1600802A41}.Debug|Any CPU.Build.0 = Debug|Any CPU
		{31C941D7-D2BB-4FE6-9F4F-6D1600802A41}.Release|Any CPU.ActiveCfg = Release|Any CPU
		{31C941D7-D2BB-4FE6-9F4F-6D1600802A41}.Release|Any CPU.Build.0 = Release|Any CPU
		{F23C3D04-4C7D-4EAE-860C-AC7B7513984E}.Debug|Any CPU.ActiveCfg = Debug|Any CPU
		{F23C3D04-4C7D-4EAE-860C-AC7B7513984E}.Debug|Any CPU.Build.0 = Debug|Any CPU
		{F23C3D04-4C7D-4EAE-860C-AC7B7513984E}.Release|Any CPU.ActiveCfg = Release|Any CPU
		{F23C3D04-4C7D-4EAE-860C-AC7B7513984E}.Release|Any CPU.Build.0 = Release|Any CPU
	EndGlobalSection
	GlobalSection(SolutionProperties) = preSolution
		HideSolutionNode = FALSE
	EndGlobalSection
	GlobalSection(ExtensibilityGlobals) = postSolution
		SolutionGuid = {6DC33564-0D89-4FA4-BBC5-251F34F61ABF}
	EndGlobalSection
EndGlobal
